PODS:
  - CPEData (3.0.0):
    - SWXMLHash
  - REFormattedNumberField (1.1.6)
  - RETableViewManager (1.7):
    - REFormattedNumberField (~> 1.1.5)
    - REValidation (~> 0.1.4)
  - REValidation (0.1.4)
  - SWXMLHash (3.0.4)

DEPENDENCIES:
  - CPEData (from `../`)
  - RETableViewManager

EXTERNAL SOURCES:
  CPEData:
    :path: "../"

SPEC CHECKSUMS:
  CPEData: 2ca88aac3fa87bdefa67064b7af7ab3c3b4ac3fd
  REFormattedNumberField: 70fc5fb1218ebd5ee9983820defd12806d5c6ec6
  RETableViewManager: 0f24d796c42c0890d38c79cc9aeb3871e186726e
  REValidation: 38c4de1be58455f8b00aab208ac80db316a66b7f
  SWXMLHash: 29d20b84692fc319ea8ed933058fe7d8d005139b

PODFILE CHECKSUM: 25540c49ae592fbf787c376f07dfc74279b77259

COCOAPODS: 1.2.0
