PODS:
  - NextGenDataManager (2.2.0)

DEPENDENCIES:
  - NextGenDataManager (from `../`)

EXTERNAL SOURCES:
  NextGenDataManager:
    :path: "../"

SPEC CHECKSUMS:
  NextGenDataManager: c0b63d8301861148c4961df282b21f5a8492527e

PODFILE CHECKSUM: f0cc31e3f0b1222f24d2e43e185f0000c65887a8

COCOAPODS: 1.2.0
